
Microsoft Visual Studio Solution File, Format Version 12.00
# Visual Studio Version 17
VisualStudioVersion = 17.0.32002.185
MinimumVisualStudioVersion = 10.0.40219.1
Project("{8BC9CEB8-8B4A-11D0-8D11-00A0C91BC942}") = "point 3d  template", "point 3d  template\point 3d  template.vcxproj", "{CAE6331F-EF59-498C-B57B-F68AB8F3AD83}"
EndProject
Global
	GlobalSection(SolutionConfigurationPlatforms) = preSolution
		Debug|x64 = Debug|x64
		Debug|x86 = Debug|x86
		Release|x64 = Release|x64
		Release|x86 = Release|x86
	EndGlobalSection
	GlobalSection(ProjectConfigurationPlatforms) = postSolution
		{CAE6331F-EF59-498C-B57B-F68AB8F3AD83}.Debug|x64.ActiveCfg = Debug|x64
		{CAE6331F-EF59-498C-B57B-F68AB8F3AD83}.Debug|x64.Build.0 = Debug|x64
		{CAE6331F-EF59-498C-B57B-F68AB8F3AD83}.Debug|x86.ActiveCfg = Debug|Win32
		{CAE6331F-EF59-498C-B57B-F68AB8F3AD83}.Debug|x86.Build.0 = Debug|Win32
		{CAE6331F-EF59-498C-B57B-F68AB8F3AD83}.Release|x64.ActiveCfg = Release|x64
		{CAE6331F-EF59-498C-B57B-F68AB8F3AD83}.Release|x64.Build.0 = Release|x64
		{CAE6331F-EF59-498C-B57B-F68AB8F3AD83}.Release|x86.ActiveCfg = Release|Win32
		{CAE6331F-EF59-498C-B57B-F68AB8F3AD83}.Release|x86.Build.0 = Release|Win32
	EndGlobalSection
	GlobalSection(SolutionProperties) = preSolution
		HideSolutionNode = FALSE
	EndGlobalSection
	GlobalSection(ExtensibilityGlobals) = postSolution
		SolutionGuid = {69D8D0E3-7C81-431B-AC02-53D279E57913}
	EndGlobalSection
EndGlobal
